dependencies:
  espressif/ds18b20:
    component_hash: 38022d0c39c08b1df3e77f95a3f9544251549a1fd9b6263357bf714026f4bb6b
    dependencies:
    - name: espressif/onewire_bus
      registry_url: https://components.espressif.com
      require: private
      version: ^1.1.0
    - matches:
      - if: $CONFIG{DS18B20_SENSOR_HUB} == True
      name: espressif/sensor_hub
      registry_url: https://components.espressif.com
      require: public
      version: ^0.1.4
    source:
      registry_url: https://components.espressif.com/
      type: service
    version: 0.4.0
  espressif/esp-zboss-lib:
    component_hash: 321883d142421f65009972408287441794250057668a11abbdfd8bec77c3309a
    dependencies:
    - name: idf
      require: private
      version: '>=5.0'
    source:
      registry_url: https://components.espressif.com/
      type: service
    version: 1.6.4
  espressif/esp-zigbee-lib:
    component_hash: fa0812e6743e2a7d999af9f44ccdcea17ccb1e80f98d6b2956f44687503a88fd
    dependencies:
    - name: idf
      require: private
      version: '>=5.0'
    source:
      registry_url: https://components.espressif.com/
      type: service
    version: 1.6.8
  espressif/onewire_bus:
    component_hash: a85dc1ceb71fb87af77c57d5fd4e6f48a504de1fc2b83fc302ec0cea331d05ce
    dependencies:
    - name: idf
      require: private
      version: '>=5.0'
    source:
      registry_url: https://components.espressif.com
      type: service
    version: 1.1.1
  examples_utils:
    dependencies: []
    source:
      path: ../../esp/v6.0.2/esp-idf/examples/zigbee/zb_common_components/examples_utils
      type: local
    version: '*'
  idf:
    source:
      type: idf
    version: 6.0.2
direct_dependencies:
- espressif/ds18b20
- espressif/esp-zboss-lib
- espressif/esp-zigbee-lib
- examples_utils
- idf
manifest_hash: bc63af9a1c3a79031ab3bd62f4c1168fb343ce39864226176b42aac370337f05
target: esp32c6
version: 3.0.0
